
Microsoft Visual Studio Solution File, Format Version 12.00
# Visual Studio 15
VisualStudioVersion = 15.0.28307.421
MinimumVisualStudioVersion = 10.0.40219.1
Project("{FAE04EC0-301F-11D3-BF4B-00C04F79EFBC}") = "tamagotchi", "tamagotchi\tamagotchi.csproj", "{59CB0AE6-0D31-4133-BF38-ECC7F5BA6356}"
EndProject
Global
	GlobalSection(SolutionConfigurationPlatforms) = preSolution
		Debug|Any CPU = Debug|Any CPU
		Release|Any CPU = Release|Any CPU
	EndGlobalSection
	GlobalSection(ProjectConfigurationPlatforms) = postSolution
		{59CB0AE6-0D31-4133-BF38-ECC7F5BA6356}.Debug|Any CPU.ActiveCfg = Debug|Any CPU
		{59CB0AE6-0D31-4133-BF38-ECC7F5BA6356}.Debug|Any CPU.Build.0 = Debug|Any CPU
		{59CB0AE6-0D31-4133-BF38-ECC7F5BA6356}.Release|Any CPU.ActiveCfg = Release|Any CPU
		{59CB0AE6-0D31-4133-BF38-ECC7F5BA6356}.Release|Any CPU.Build.0 = Release|Any CPU
	EndGlobalSection
	GlobalSection(SolutionProperties) = preSolution
		HideSolutionNode = FALSE
	EndGlobalSection
	GlobalSection(ExtensibilityGlobals) = postSolution
		SolutionGuid = {D391FACB-8FD3-4412-A75C-C0FB89381782}
	EndGlobalSection
EndGlobal
